
Microsoft Visual Studio Solution File, Format Version 12.00
# Visual Studio Version 16
VisualStudioVersion = 16.0.31624.102
MinimumVisualStudioVersion = 10.0.40219.1
Project("{9A19103F-16F7-4668-BE54-9A1E7A4F7556}") = "DialogHostDemo", "DialogHostDemo.csproj", "{1D1CA043-1271-4F4D-BC46-B742CAF66507}"
EndProject
Global
	GlobalSection(SolutionConfigurationPlatforms) = preSolution
		Debug|Any CPU = Debug|Any CPU
		Release|Any CPU = Release|Any CPU
	EndGlobalSection
	GlobalSection(ProjectConfigurationPlatforms) = postSolution
		{1D1CA043-1271-4F4D-BC46-B742CAF66507}.Debug|Any CPU.ActiveCfg = Debug|Any CPU
		{1D1CA043-1271-4F4D-BC46-B742CAF66507}.Debug|Any CPU.Build.0 = Debug|Any CPU
		{1D1CA043-1271-4F4D-BC46-B742CAF66507}.Release|Any CPU.ActiveCfg = Release|Any CPU
		{1D1CA043-1271-4F4D-BC46-B742CAF66507}.Release|Any CPU.Build.0 = Release|Any CPU
	EndGlobalSection
	GlobalSection(SolutionProperties) = preSolution
		HideSolutionNode = FALSE
	EndGlobalSection
	GlobalSection(ExtensibilityGlobals) = postSolution
		SolutionGuid = {CECC81D3-9DA0-4A2A-BD35-FC2900D6FBD2}
	EndGlobalSection
EndGlobal
